
Microsoft Visual Studio Solution File, Format Version 12.00
# Visual Studio 15
VisualStudioVersion = 15.0.28307.421
MinimumVisualStudioVersion = 10.0.40219.1
Project("{FAE04EC0-301F-11D3-BF4B-00C04F79EFBC}") = "AndroidTrainng_EmpAPI", "AndroidTrainng_EmpAPI\AndroidTrainng_EmpAPI.csproj", "{457E0C42-B6BE-4AC9-83C1-E386EDA212B9}"
EndProject
Global
	GlobalSection(SolutionConfigurationPlatforms) = preSolution
		Debug|Any CPU = Debug|Any CPU
		Release|Any CPU = Release|Any CPU
	EndGlobalSection
	GlobalSection(ProjectConfigurationPlatforms) = postSolution
		{457E0C42-B6BE-4AC9-83C1-E386EDA212B9}.Debug|Any CPU.ActiveCfg = Debug|Any CPU
		{457E0C42-B6BE-4AC9-83C1-E386EDA212B9}.Debug|Any CPU.Build.0 = Debug|Any CPU
		{457E0C42-B6BE-4AC9-83C1-E386EDA212B9}.Release|Any CPU.ActiveCfg = Release|Any CPU
		{457E0C42-B6BE-4AC9-83C1-E386EDA212B9}.Release|Any CPU.Build.0 = Release|Any CPU
	EndGlobalSection
	GlobalSection(SolutionProperties) = preSolution
		HideSolutionNode = FALSE
	EndGlobalSection
	GlobalSection(ExtensibilityGlobals) = postSolution
		SolutionGuid = {FF156150-1610-4814-99CA-69AE8C78A2F8}
	EndGlobalSection
EndGlobal
